
Microsoft Visual Studio Solution File, Format Version 12.00
# Visual Studio Version 17
VisualStudioVersion = 17.3.32922.545
MinimumVisualStudioVersion = 10.0.40219.1
Project("{9A19103F-16F7-4668-BE54-9A1E7A4F7556}") = "ModuloAPI", "ModuloAPI.csproj", "{C27BFCBE-272E-4742-B4AE-5A05EF4DF83C}"
EndProject
Project("{FAE04EC0-301F-11D3-BF4B-00C04F79EFBC}") = "ModuloAPI.Tests", "..\ModuloAPI.Tests\ModuloAPI.Tests\ModuloAPI.Tests.csproj", "{66D3D5AB-C56F-4089-BEB4-29723CD8F37F}"
EndProject
Global
	GlobalSection(SolutionConfigurationPlatforms) = preSolution
		Debug|Any CPU = Debug|Any CPU
		Release|Any CPU = Release|Any CPU
	EndGlobalSection
	GlobalSection(ProjectConfigurationPlatforms) = postSolution
		{C27BFCBE-272E-4742-B4AE-5A05EF4DF83C}.Debug|Any CPU.ActiveCfg = Debug|Any CPU
		{C27BFCBE-272E-4742-B4AE-5A05EF4DF83C}.Debug|Any CPU.Build.0 = Debug|Any CPU
		{C27BFCBE-272E-4742-B4AE-5A05EF4DF83C}.Release|Any CPU.ActiveCfg = Release|Any CPU
		{C27BFCBE-272E-4742-B4AE-5A05EF4DF83C}.Release|Any CPU.Build.0 = Release|Any CPU
		{66D3D5AB-C56F-4089-BEB4-29723CD8F37F}.Debug|Any CPU.ActiveCfg = Debug|Any CPU
		{66D3D5AB-C56F-4089-BEB4-29723CD8F37F}.Debug|Any CPU.Build.0 = Debug|Any CPU
		{66D3D5AB-C56F-4089-BEB4-29723CD8F37F}.Release|Any CPU.ActiveCfg = Release|Any CPU
		{66D3D5AB-C56F-4089-BEB4-29723CD8F37F}.Release|Any CPU.Build.0 = Release|Any CPU
	EndGlobalSection
	GlobalSection(SolutionProperties) = preSolution
		HideSolutionNode = FALSE
	EndGlobalSection
	GlobalSection(ExtensibilityGlobals) = postSolution
		SolutionGuid = {98A839EA-4F21-4AB8-868F-1DE738800E81}
	EndGlobalSection
EndGlobal
